{
  "name": "easy-image-editor",
  "lockfileVersion": 3,
  "requires": true,
  "packages": {
    "": {
      "name": "easy-image-editor",
      "version": "1.0.0",
      "dependencies": {
        "hono": "^4.9.9",
        "sharp": "^0.33.5"
      },
      "devDependencies": {
        "@vitejs/plugin-react": "^4.3.2",
        "@hono/vite-build": "^1.2.0",
        "@hono/vite-dev-server": "^0.18.2",
        "vite": "^6.3.5",
        "wrangler": "^4.4.0"
      }
    }
  },
  "dependencies": {
    "@hono/vite-build": {
      "version": "^1.2.0"
    },
    "@hono/vite-dev-server": {
      "version": "^0.18.2"
    },
    "@vitejs/plugin-react": {
      "version": "^4.3.2"
    },
    "hono": {
      "version": "^4.9.9"
    },
    "sharp": {
      "version": "^0.33.5"
    },
    "vite": {
      "version": "^6.3.5"
    },
    "wrangler": {
      "version": "^4.4.0"
    }
  }
}
