{
  "name": "image-editor",
  "lockfileVersion": 3,
  "requires": true,
  "packages": {
    "": {
      "name": "image-editor",
      "version": "1.0.0",
      "dependencies": {
        "react": "^18.3.1",
        "react-dom": "^18.3.1",
        "vite": "^6.3.6"
      }
    },
    "node_modules/react": {
      "version": "18.3.1",
      "resolved": "https://registry.npmjs.org/react/-/react-18.3.1.tgz",
      "integrity": "sha512-WsZRHJW3hbr+PoxmKXnMqOeFiJRMFZwAtwRVeyGcTZrqg6xqBqdxvWwaHDx36Eo0Hz9aKTUIUZt4y8duDn5Qxg==",
      "dependencies": {
        "loose-envify": "^1.4.0"
      }
    },
    "node_modules/react-dom": {
      "version": "18.3.1",
      "resolved": "https://registry.npmjs.org/react-dom/-/react-dom-18.3.1.tgz",
      "integrity": "sha512-vS94L5pCFh5oNwBz8p+6MZB1K2EZJpI4JfylfF6F06v7yNwP1uTjzHn2RHcN6eZtX6MflbvhJg6EIoK2L8V7Ag==",
      "dependencies": {
        "loose-envify": "^1.4.0",
        "scheduler": "^0.23.2"
      }
    },
    "node_modules/loose-envify": {
      "version": "1.4.0",
      "resolved": "https://registry.npmjs.org/loose-envify/-/loose-envify-1.4.0.tgz",
      "integrity": "sha512-+PwppFR+vX+VHLNQ0qDjgCk1vM7lDH3ZmQ8HYbtfIFm7FjI2kK5A6gX2o7XWZc6BFBw9H01J7ePtHPG0X6ix6Q==",
      "dependencies": {
        "js-tokens": "^4.0.0"
      }
    },
    "node_modules/js-tokens": {
      "version": "4.0.0",
      "resolved": "https://registry.npmjs.org/js-tokens/-/js-tokens-4.0.0.tgz",
      "integrity": "sha512-RkFVLj0dfdNRFtC2ivAP1Rcs1rM1/2AIbQ2dqTT9KSoQm5B5HjBdGJQdw9YkU3K5aNQg2KZOKhA7HLvKY7lGkA=="
    },
    "node_modules/scheduler": {
      "version": "0.23.2",
      "resolved": "https://registry.npmjs.org/scheduler/-/scheduler-0.23.2.tgz",
      "integrity": "sha512-U4T9f8ZLW+nDn8syGVZIo9YamkJ2/AMRCU+zRopEZUwLfCAJwSpjVYxQnTsDnExz3Rblz1pYhe9YLx7g8H7d7g=="
    }
  }
}